
Microsoft Visual Studio Solution File, Format Version 12.00
# Visual Studio Version 17
VisualStudioVersion = 17.4.33205.214
MinimumVisualStudioVersion = 10.0.40219.1
Project("{FAE04EC0-301F-11D3-BF4B-00C04F79EFBC}") = "App", "App\App.csproj", "{9CD48D06-AAB6-4EC6-ABFE-2B230CC28DD9}"
EndProject
Global
	GlobalSection(SolutionConfigurationPlatforms) = preSolution
		Debug|x64 = Debug|x64
		Release|x64 = Release|x64
	EndGlobalSection
	GlobalSection(ProjectConfigurationPlatforms) = postSolution
		{9CD48D06-AAB6-4EC6-ABFE-2B230CC28DD9}.Debug|x64.ActiveCfg = Debug|x64
		{9CD48D06-AAB6-4EC6-ABFE-2B230CC28DD9}.Debug|x64.Build.0 = Debug|x64
		{9CD48D06-AAB6-4EC6-ABFE-2B230CC28DD9}.Release|x64.ActiveCfg = Release|x64
		{9CD48D06-AAB6-4EC6-ABFE-2B230CC28DD9}.Release|x64.Build.0 = Release|x64
	EndGlobalSection
	GlobalSection(SolutionProperties) = preSolution
		HideSolutionNode = FALSE
	EndGlobalSection
	GlobalSection(ExtensibilityGlobals) = postSolution
		SolutionGuid = {EBD1083F-7F98-4FEE-A177-C2DA36F3A946}
	EndGlobalSection
EndGlobal
